// !$*UTF8*$!
{
	archiveVersion = 1;
	classes = {
	};
	objectVersion = 56;
	objects = {

/* Begin PBXBuildFile section */
		8E66F5C52D95BE4B0010256B /* SocketListener.swift in Sources */ = {isa = PBXBuildFile; fileRef = 8E66F5C42D95BE4B0010256B /* SocketListener.swift */; };
		8EBC3A682D944AA6004505FB /* YabaiSpaceAdditionApp.swift in Sources */ = {isa = PBXBuildFile; fileRef = 8EBC3A672D944AA6004505FB /* YabaiSpaceAdditionApp.swift */; };
		8EBC3A6A2D944AA6004505FB /* ContentView.swift in Sources */ = {isa = PBXBuildFile; fileRef = 8EBC3A692D944AA6004505FB /* ContentView.swift */; };
		8EBC3A6C2D944AA8004505FB /* Assets.xcassets in Resources */ = {isa = PBXBuildFile; fileRef = 8EBC3A6B2D944AA8004505FB /* Assets.xcassets */; };
		8EBC3A6F2D944AA8004505FB /* Preview Assets.xcassets in Resources */ = {isa = PBXBuildFile; fileRef = 8EBC3A6E2D944AA8004505FB /* Preview Assets.xcassets */; };
		8EBC3A7A2D944AA8004505FB /* YabaiSpaceAdditionTests.swift in Sources */ = {isa = PBXBuildFile; fileRef = 8EBC3A792D944AA8004505FB /* YabaiSpaceAdditionTests.swift */; };
		8EBC3A842D944AA8004505FB /* YabaiSpaceAdditionUITests.swift in Sources */ = {isa = PBXBuildFile; fileRef = 8EBC3A832D944AA8004505FB /* YabaiSpaceAdditionUITests.swift */; };
		8EBC3A862D944AA8004505FB /* YabaiSpaceAdditionUITestsLaunchTests.swift in Sources */ = {isa = PBXBuildFile; fileRef = 8EBC3A852D944AA8004505FB /* YabaiSpaceAdditionUITestsLaunchTests.swift */; };
		8EBC3A932D944AED004505FB /*  TopBarManager.swift in Sources */ = {isa = PBXBuildFile; fileRef = 8EBC3A922D944AED004505FB /*  TopBarManager.swift */; };
		8EBC3A952D944CF6004505FB /* AppDelegate.swift in Sources */ = {isa = PBXBuildFile; fileRef = 8EBC3A942D944CF6004505FB /* AppDelegate.swift */; };
		8EBC3A972D946717004505FB /* SpaceManager.swift in Sources */ = {isa = PBXBuildFile; fileRef = 8EBC3A962D946717004505FB /* SpaceManager.swift */; };
/* End PBXBuildFile section */

/* Begin PBXContainerItemProxy section */
		8EBC3A762D944AA8004505FB /* PBXContainerItemProxy */ = {
			isa = PBXContainerItemProxy;
			containerPortal = 8EBC3A5C2D944AA6004505FB /* Project object */;
			proxyType = 1;
			remoteGlobalIDString = 8EBC3A632D944AA6004505FB;
			remoteInfo = YabaiSpaceAddition;
		};
		8EBC3A802D944AA8004505FB /* PBXContainerItemProxy */ = {
			isa = PBXContainerItemProxy;
			containerPortal = 8EBC3A5C2D944AA6004505FB /* Project object */;
			proxyType = 1;
			remoteGlobalIDString = 8EBC3A632D944AA6004505FB;
			remoteInfo = YabaiSpaceAddition;
		};
/* End PBXContainerItemProxy section */

/* Begin PBXFileReference section */
		8E66F5C42D95BE4B0010256B /* SocketListener.swift */ = {isa = PBXFileReference; lastKnownFileType = sourcecode.swift; path = SocketListener.swift; sourceTree = "<group>"; };
		8EBC3A642D944AA6004505FB /* YabaiSpaceAddition.app */ = {isa = PBXFileReference; explicitFileType = wrapper.application; includeInIndex = 0; path = YabaiSpaceAddition.app; sourceTree = BUILT_PRODUCTS_DIR; };
		8EBC3A672D944AA6004505FB /* YabaiSpaceAdditionApp.swift */ = {isa = PBXFileReference; lastKnownFileType = sourcecode.swift; path = YabaiSpaceAdditionApp.swift; sourceTree = "<group>"; };
		8EBC3A692D944AA6004505FB /* ContentView.swift */ = {isa = PBXFileReference; lastKnownFileType = sourcecode.swift; path = ContentView.swift; sourceTree = "<group>"; };
		8EBC3A6B2D944AA8004505FB /* Assets.xcassets */ = {isa = PBXFileReference; lastKnownFileType = folder.assetcatalog; path = Assets.xcassets; sourceTree = "<group>"; };
		8EBC3A6E2D944AA8004505FB /* Preview Assets.xcassets */ = {isa = PBXFileReference; lastKnownFileType = folder.assetcatalog; path = "Preview Assets.xcassets"; sourceTree = "<group>"; };
		8EBC3A702D944AA8004505FB /* YabaiSpaceAddition.entitlements */ = {isa = PBXFileReference; lastKnownFileType = text.plist.entitlements; path = YabaiSpaceAddition.entitlements; sourceTree = "<group>"; };
		8EBC3A752D944AA8004505FB /* YabaiSpaceAdditionTests.xctest */ = {isa = PBXFileReference; explicitFileType = wrapper.cfbundle; includeInIndex = 0; path = YabaiSpaceAdditionTests.xctest; sourceTree = BUILT_PRODUCTS_DIR; };
		8EBC3A792D944AA8004505FB /* YabaiSpaceAdditionTests.swift */ = {isa = PBXFileReference; lastKnownFileType = sourcecode.swift; path = YabaiSpaceAdditionTests.swift; sourceTree = "<group>"; };
		8EBC3A7F2D944AA8004505FB /* YabaiSpaceAdditionUITests.xctest */ = {isa = PBXFileReference; explicitFileType = wrapper.cfbundle; includeInIndex = 0; path = YabaiSpaceAdditionUITests.xctest; sourceTree = BUILT_PRODUCTS_DIR; };
		8EBC3A832D944AA8004505FB /* YabaiSpaceAdditionUITests.swift */ = {isa = PBXFileReference; lastKnownFileType = sourcecode.swift; path = YabaiSpaceAdditionUITests.swift; sourceTree = "<group>"; };
		8EBC3A852D944AA8004505FB /* YabaiSpaceAdditionUITestsLaunchTests.swift */ = {isa = PBXFileReference; lastKnownFileType = sourcecode.swift; path = YabaiSpaceAdditionUITestsLaunchTests.swift; sourceTree = "<group>"; };
		8EBC3A922D944AED004505FB /*  TopBarManager.swift */ = {isa = PBXFileReference; lastKnownFileType = sourcecode.swift; path = " TopBarManager.swift"; sourceTree = "<group>"; };
		8EBC3A942D944CF6004505FB /* AppDelegate.swift */ = {isa = PBXFileReference; lastKnownFileType = sourcecode.swift; path = AppDelegate.swift; sourceTree = "<group>"; };
		8EBC3A962D946717004505FB /* SpaceManager.swift */ = {isa = PBXFileReference; lastKnownFileType = sourcecode.swift; path = SpaceManager.swift; sourceTree = "<group>"; };
/* End PBXFileReference section */

/* Begin PBXFrameworksBuildPhase section */
		8EBC3A612D944AA6004505FB /* Frameworks */ = {
			isa = PBXFrameworksBuildPhase;
			buildActionMask = 2147483647;
			files = (
			);
			runOnlyForDeploymentPostprocessing = 0;
		};
		8EBC3A722D944AA8004505FB /* Frameworks */ = {
			isa = PBXFrameworksBuildPhase;
			buildActionMask = 2147483647;
			files = (
			);
			runOnlyForDeploymentPostprocessing = 0;
		};
		8EBC3A7C2D944AA8004505FB /* Frameworks */ = {
			isa = PBXFrameworksBuildPhase;
			buildActionMask = 2147483647;
			files = (
			);
			runOnlyForDeploymentPostprocessing = 0;
		};
/* End PBXFrameworksBuildPhase section */

/* Begin PBXGroup section */
		8EBC3A5B2D944AA6004505FB = {
			isa = PBXGroup;
			children = (
				8EBC3A662D944AA6004505FB /* YabaiSpaceAddition */,
				8EBC3A782D944AA8004505FB /* YabaiSpaceAdditionTests */,
				8EBC3A822D944AA8004505FB /* YabaiSpaceAdditionUITests */,
				8EBC3A652D944AA6004505FB /* Products */,
			);
			sourceTree = "<group>";
		};
		8EBC3A652D944AA6004505FB /* Products */ = {
			isa = PBXGroup;
			children = (
				8EBC3A642D944AA6004505FB /* YabaiSpaceAddition.app */,
				8EBC3A752D944AA8004505FB /* YabaiSpaceAdditionTests.xctest */,
				8EBC3A7F2D944AA8004505FB /* YabaiSpaceAdditionUITests.xctest */,
			);
			name = Products;
			sourceTree = "<group>";
		};
		8EBC3A662D944AA6004505FB /* YabaiSpaceAddition */ = {
			isa = PBXGroup;
			children = (
				8EBC3A672D944AA6004505FB /* YabaiSpaceAdditionApp.swift */,
				8EBC3A692D944AA6004505FB /* ContentView.swift */,
				8EBC3A6B2D944AA8004505FB /* Assets.xcassets */,
				8EBC3A702D944AA8004505FB /* YabaiSpaceAddition.entitlements */,
				8EBC3A6D2D944AA8004505FB /* Preview Content */,
				8EBC3A922D944AED004505FB /*  TopBarManager.swift */,
				8EBC3A942D944CF6004505FB /* AppDelegate.swift */,
				8EBC3A962D946717004505FB /* SpaceManager.swift */,
				8E66F5C42D95BE4B0010256B /* SocketListener.swift */,
			);
			path = YabaiSpaceAddition;
			sourceTree = "<group>";
		};
		8EBC3A6D2D944AA8004505FB /* Preview Content */ = {
			isa = PBXGroup;
			children = (
				8EBC3A6E2D944AA8004505FB /* Preview Assets.xcassets */,
			);
			path = "Preview Content";
			sourceTree = "<group>";
		};
		8EBC3A782D944AA8004505FB /* YabaiSpaceAdditionTests */ = {
			isa = PBXGroup;
			children = (
				8EBC3A792D944AA8004505FB /* YabaiSpaceAdditionTests.swift */,
			);
			path = YabaiSpaceAdditionTests;
			sourceTree = "<group>";
		};
		8EBC3A822D944AA8004505FB /* YabaiSpaceAdditionUITests */ = {
			isa = PBXGroup;
			children = (
				8EBC3A832D944AA8004505FB /* YabaiSpaceAdditionUITests.swift */,
				8EBC3A852D944AA8004505FB /* YabaiSpaceAdditionUITestsLaunchTests.swift */,
			);
			path = YabaiSpaceAdditionUITests;
			sourceTree = "<group>";
		};
/* End PBXGroup section */

/* Begin PBXNativeTarget section */
		8EBC3A632D944AA6004505FB /* YabaiSpaceAddition */ = {
			isa = PBXNativeTarget;
			buildConfigurationList = 8EBC3A892D944AA8004505FB /* Build configuration list for PBXNativeTarget "YabaiSpaceAddition" */;
			buildPhases = (
				8EBC3A602D944AA6004505FB /* Sources */,
				8EBC3A612D944AA6004505FB /* Frameworks */,
				8EBC3A622D944AA6004505FB /* Resources */,
			);
			buildRules = (
			);
			dependencies = (
			);
			name = YabaiSpaceAddition;
			productName = YabaiSpaceAddition;
			productReference = 8EBC3A642D944AA6004505FB /* YabaiSpaceAddition.app */;
			productType = "com.apple.product-type.application";
		};
		8EBC3A742D944AA8004505FB /* YabaiSpaceAdditionTests */ = {
			isa = PBXNativeTarget;
			buildConfigurationList = 8EBC3A8C2D944AA8004505FB /* Build configuration list for PBXNativeTarget "YabaiSpaceAdditionTests" */;
			buildPhases = (
				8EBC3A712D944AA8004505FB /* Sources */,
				8EBC3A722D944AA8004505FB /* Frameworks */,
				8EBC3A732D944AA8004505FB /* Resources */,
			);
			buildRules = (
			);
			dependencies = (
				8EBC3A772D944AA8004505FB /* PBXTargetDependency */,
			);
			name = YabaiSpaceAdditionTests;
			productName = YabaiSpaceAdditionTests;
			productReference = 8EBC3A752D944AA8004505FB /* YabaiSpaceAdditionTests.xctest */;
			productType = "com.apple.product-type.bundle.unit-test";
		};
		8EBC3A7E2D944AA8004505FB /* YabaiSpaceAdditionUITests */ = {
			isa = PBXNativeTarget;
			buildConfigurationList = 8EBC3A8F2D944AA8004505FB /* Build configuration list for PBXNativeTarget "YabaiSpaceAdditionUITests" */;
			buildPhases = (
				8EBC3A7B2D944AA8004505FB /* Sources */,
				8EBC3A7C2D944AA8004505FB /* Frameworks */,
				8EBC3A7D2D944AA8004505FB /* Resources */,
			);
			buildRules = (
			);
			dependencies = (
				8EBC3A812D944AA8004505FB /* PBXTargetDependency */,
			);
			name = YabaiSpaceAdditionUITests;
			productName = YabaiSpaceAdditionUITests;
			productReference = 8EBC3A7F2D944AA8004505FB /* YabaiSpaceAdditionUITests.xctest */;
			productType = "com.apple.product-type.bundle.ui-testing";
		};
/* End PBXNativeTarget section */

/* Begin PBXProject section */
		8EBC3A5C2D944AA6004505FB /* Project object */ = {
			isa = PBXProject;
			attributes = {
				BuildIndependentTargetsInParallel = 1;
				LastSwiftUpdateCheck = 1410;
				LastUpgradeCheck = 1410;
				TargetAttributes = {
					8EBC3A632D944AA6004505FB = {
						CreatedOnToolsVersion = 14.1;
					};
					8EBC3A742D944AA8004505FB = {
						CreatedOnToolsVersion = 14.1;
						TestTargetID = 8EBC3A632D944AA6004505FB;
					};
					8EBC3A7E2D944AA8004505FB = {
						CreatedOnToolsVersion = 14.1;
						TestTargetID = 8EBC3A632D944AA6004505FB;
					};
				};
			};
			buildConfigurationList = 8EBC3A5F2D944AA6004505FB /* Build configuration list for PBXProject "YabaiSpaceAddition" */;
			compatibilityVersion = "Xcode 14.0";
			developmentRegion = en;
			hasScannedForEncodings = 0;
			knownRegions = (
				en,
				Base,
			);
			mainGroup = 8EBC3A5B2D944AA6004505FB;
			productRefGroup = 8EBC3A652D944AA6004505FB /* Products */;
			projectDirPath = "";
			projectRoot = "";
			targets = (
				8EBC3A632D944AA6004505FB /* YabaiSpaceAddition */,
				8EBC3A742D944AA8004505FB /* YabaiSpaceAdditionTests */,
				8EBC3A7E2D944AA8004505FB /* YabaiSpaceAdditionUITests */,
			);
		};
/* End PBXProject section */

/* Begin PBXResourcesBuildPhase section */
		8EBC3A622D944AA6004505FB /* Resources */ = {
			isa = PBXResourcesBuildPhase;
			buildActionMask = 2147483647;
			files = (
				8EBC3A6F2D944AA8004505FB /* Preview Assets.xcassets in Resources */,
				8EBC3A6C2D944AA8004505FB /* Assets.xcassets in Resources */,
			);
			runOnlyForDeploymentPostprocessing = 0;
		};
		8EBC3A732D944AA8004505FB /* Resources */ = {
			isa = PBXResourcesBuildPhase;
			buildActionMask = 2147483647;
			files = (
			);
			runOnlyForDeploymentPostprocessing = 0;
		};
		8EBC3A7D2D944AA8004505FB /* Resources */ = {
			isa = PBXResourcesBuildPhase;
			buildActionMask = 2147483647;
			files = (
			);
			runOnlyForDeploymentPostprocessing = 0;
		};
/* End PBXResourcesBuildPhase section */

/* Begin PBXSourcesBuildPhase section */
		8EBC3A602D944AA6004505FB /* Sources */ = {
			isa = PBXSourcesBuildPhase;
			buildActionMask = 2147483647;
			files = (
				8EBC3A952D944CF6004505FB /* AppDelegate.swift in Sources */,
				8EBC3A6A2D944AA6004505FB /* ContentView.swift in Sources */,
				8E66F5C52D95BE4B0010256B /* SocketListener.swift in Sources */,
				8EBC3A932D944AED004505FB /*  TopBarManager.swift in Sources */,
				8EBC3A972D946717004505FB /* SpaceManager.swift in Sources */,
				8EBC3A682D944AA6004505FB /* YabaiSpaceAdditionApp.swift in Sources */,
			);
			runOnlyForDeploymentPostprocessing = 0;
		};
		8EBC3A712D944AA8004505FB /* Sources */ = {
			isa = PBXSourcesBuildPhase;
			buildActionMask = 2147483647;
			files = (
				8EBC3A7A2D944AA8004505FB /* YabaiSpaceAdditionTests.swift in Sources */,
			);
			runOnlyForDeploymentPostprocessing = 0;
		};
		8EBC3A7B2D944AA8004505FB /* Sources */ = {
			isa = PBXSourcesBuildPhase;
			buildActionMask = 2147483647;
			files = (
				8EBC3A862D944AA8004505FB /* YabaiSpaceAdditionUITestsLaunchTests.swift in Sources */,
				8EBC3A842D944AA8004505FB /* YabaiSpaceAdditionUITests.swift in Sources */,
			);
			runOnlyForDeploymentPostprocessing = 0;
		};
/* End PBXSourcesBuildPhase section */

/* Begin PBXTargetDependency section */
		8EBC3A772D944AA8004505FB /* PBXTargetDependency */ = {
			isa = PBXTargetDependency;
			target = 8EBC3A632D944AA6004505FB /* YabaiSpaceAddition */;
			targetProxy = 8EBC3A762D944AA8004505FB /* PBXContainerItemProxy */;
		};
		8EBC3A812D944AA8004505FB /* PBXTargetDependency */ = {
			isa = PBXTargetDependency;
			target = 8EBC3A632D944AA6004505FB /* YabaiSpaceAddition */;
			targetProxy = 8EBC3A802D944AA8004505FB /* PBXContainerItemProxy */;
		};
/* End PBXTargetDependency section */

/* Begin XCBuildConfiguration section */
		8EBC3A872D944AA8004505FB /* Debug */ = {
			isa = XCBuildConfiguration;
			buildSettings = {
				ALWAYS_SEARCH_USER_PATHS = NO;
				CLANG_ANALYZER_NONNULL = YES;
				CLANG_ANALYZER_NUMBER_OBJECT_CONVERSION = YES_AGGRESSIVE;
				CLANG_CXX_LANGUAGE_STANDARD = "gnu++20";
				CLANG_ENABLE_MODULES = YES;
				CLANG_ENABLE_OBJC_ARC = YES;
				CLANG_ENABLE_OBJC_WEAK = YES;
				CLANG_WARN_BLOCK_CAPTURE_AUTORELEASING = YES;
				CLANG_WARN_BOOL_CONVERSION = YES;
				CLANG_WARN_COMMA = YES;
				CLANG_WARN_CONSTANT_CONVERSION = YES;
				CLANG_WARN_DEPRECATED_OBJC_IMPLEMENTATIONS = YES;
				CLANG_WARN_DIRECT_OBJC_ISA_USAGE = YES_ERROR;
				CLANG_WARN_DOCUMENTATION_COMMENTS = YES;
				CLANG_WARN_EMPTY_BODY = YES;
				CLANG_WARN_ENUM_CONVERSION = YES;
				CLANG_WARN_INFINITE_RECURSION = YES;
				CLANG_WARN_INT_CONVERSION = YES;
				CLANG_WARN_NON_LITERAL_NULL_CONVERSION = YES;
				CLANG_WARN_OBJC_IMPLICIT_RETAIN_SELF = YES;
				CLANG_WARN_OBJC_LITERAL_CONVERSION = YES;
				CLANG_WARN_OBJC_ROOT_CLASS = YES_ERROR;
				CLANG_WARN_QUOTED_INCLUDE_IN_FRAMEWORK_HEADER = YES;
				CLANG_WARN_RANGE_LOOP_ANALYSIS = YES;
				CLANG_WARN_STRICT_PROTOTYPES = YES;
				CLANG_WARN_SUSPICIOUS_MOVE = YES;
				CLANG_WARN_UNGUARDED_AVAILABILITY = YES_AGGRESSIVE;
				CLANG_WARN_UNREACHABLE_CODE = YES;
				CLANG_WARN__DUPLICATE_METHOD_MATCH = YES;
				COPY_PHASE_STRIP = NO;
				DEBUG_INFORMATION_FORMAT = dwarf;
				ENABLE_STRICT_OBJC_MSGSEND = YES;
				ENABLE_TESTABILITY = YES;
				GCC_C_LANGUAGE_STANDARD = gnu11;
				GCC_DYNAMIC_NO_PIC = NO;
				GCC_NO_COMMON_BLOCKS = YES;
				GCC_OPTIMIZATION_LEVEL = 0;
				GCC_PREPROCESSOR_DEFINITIONS = (
					"DEBUG=1",
					"$(inherited)",
				);
				GCC_WARN_64_TO_32_BIT_CONVERSION = YES;
				GCC_WARN_ABOUT_RETURN_TYPE = YES_ERROR;
				GCC_WARN_UNDECLARED_SELECTOR = YES;
				GCC_WARN_UNINITIALIZED_AUTOS = YES_AGGRESSIVE;
				GCC_WARN_UNUSED_FUNCTION = YES;
				GCC_WARN_UNUSED_VARIABLE = YES;
				MACOSX_DEPLOYMENT_TARGET = 12.7;
				MTL_ENABLE_DEBUG_INFO = INCLUDE_SOURCE;
				MTL_FAST_MATH = YES;
				ONLY_ACTIVE_ARCH = YES;
				SDKROOT = macosx;
				SWIFT_ACTIVE_COMPILATION_CONDITIONS = DEBUG;
				SWIFT_OPTIMIZATION_LEVEL = "-Onone";
			};
			name = Debug;
		};
		8EBC3A882D944AA8004505FB /* Release */ = {
			isa = XCBuildConfiguration;
			buildSettings = {
				ALWAYS_SEARCH_USER_PATHS = NO;
				CLANG_ANALYZER_NONNULL = YES;
				CLANG_ANALYZER_NUMBER_OBJECT_CONVERSION = YES_AGGRESSIVE;
				CLANG_CXX_LANGUAGE_STANDARD = "gnu++20";
				CLANG_ENABLE_MODULES = YES;
				CLANG_ENABLE_OBJC_ARC = YES;
				CLANG_ENABLE_OBJC_WEAK = YES;
				CLANG_WARN_BLOCK_CAPTURE_AUTORELEASING = YES;
				CLANG_WARN_BOOL_CONVERSION = YES;
				CLANG_WARN_COMMA = YES;
				CLANG_WARN_CONSTANT_CONVERSION = YES;
				CLANG_WARN_DEPRECATED_OBJC_IMPLEMENTATIONS = YES;
				CLANG_WARN_DIRECT_OBJC_ISA_USAGE = YES_ERROR;
				CLANG_WARN_DOCUMENTATION_COMMENTS = YES;
				CLANG_WARN_EMPTY_BODY = YES;
				CLANG_WARN_ENUM_CONVERSION = YES;
				CLANG_WARN_INFINITE_RECURSION = YES;
				CLANG_WARN_INT_CONVERSION = YES;
				CLANG_WARN_NON_LITERAL_NULL_CONVERSION = YES;
				CLANG_WARN_OBJC_IMPLICIT_RETAIN_SELF = YES;
				CLANG_WARN_OBJC_LITERAL_CONVERSION = YES;
				CLANG_WARN_OBJC_ROOT_CLASS = YES_ERROR;
				CLANG_WARN_QUOTED_INCLUDE_IN_FRAMEWORK_HEADER = YES;
				CLANG_WARN_RANGE_LOOP_ANALYSIS = YES;
				CLANG_WARN_STRICT_PROTOTYPES = YES;
				CLANG_WARN_SUSPICIOUS_MOVE = YES;
				CLANG_WARN_UNGUARDED_AVAILABILITY = YES_AGGRESSIVE;
				CLANG_WARN_UNREACHABLE_CODE = YES;
				CLANG_WARN__DUPLICATE_METHOD_MATCH = YES;
				COPY_PHASE_STRIP = NO;
				DEBUG_INFORMATION_FORMAT = "dwarf-with-dsym";
				ENABLE_NS_ASSERTIONS = NO;
				ENABLE_STRICT_OBJC_MSGSEND = YES;
				GCC_C_LANGUAGE_STANDARD = gnu11;
				GCC_NO_COMMON_BLOCKS = YES;
				GCC_WARN_64_TO_32_BIT_CONVERSION = YES;
				GCC_WARN_ABOUT_RETURN_TYPE = YES_ERROR;
				GCC_WARN_UNDECLARED_SELECTOR = YES;
				GCC_WARN_UNINITIALIZED_AUTOS = YES_AGGRESSIVE;
				GCC_WARN_UNUSED_FUNCTION = YES;
				GCC_WARN_UNUSED_VARIABLE = YES;
				MACOSX_DEPLOYMENT_TARGET = 12.7;
				MTL_ENABLE_DEBUG_INFO = NO;
				MTL_FAST_MATH = YES;
				SDKROOT = macosx;
				SWIFT_COMPILATION_MODE = wholemodule;
				SWIFT_OPTIMIZATION_LEVEL = "-O";
			};
			name = Release;
		};
		8EBC3A8A2D944AA8004505FB /* Debug */ = {
			isa = XCBuildConfiguration;
			buildSettings = {
				ASSETCATALOG_COMPILER_APPICON_NAME = AppIcon;
				ASSETCATALOG_COMPILER_GLOBAL_ACCENT_COLOR_NAME = AccentColor;
				CODE_SIGN_ENTITLEMENTS = YabaiSpaceAddition/YabaiSpaceAddition.entitlements;
				CODE_SIGN_STYLE = Automatic;
				COMBINE_HIDPI_IMAGES = YES;
				CURRENT_PROJECT_VERSION = 1;
				DEVELOPMENT_ASSET_PATHS = "\"YabaiSpaceAddition/Preview Content\"";
				ENABLE_PREVIEWS = YES;
				GENERATE_INFOPLIST_FILE = YES;
				INFOPLIST_KEY_NSHumanReadableCopyright = "";
				LD_RUNPATH_SEARCH_PATHS = (
					"$(inherited)",
					"@executable_path/../Frameworks",
				);
				MARKETING_VERSION = 1.0;
				PRODUCT_BUNDLE_IDENTIFIER = site.frii.YabaiSpaceAddition;
				PRODUCT_NAME = "$(TARGET_NAME)";
				SWIFT_EMIT_LOC_STRINGS = YES;
				SWIFT_VERSION = 5.0;
			};
			name = Debug;
		};
		8EBC3A8B2D944AA8004505FB /* Release */ = {
			isa = XCBuildConfiguration;
			buildSettings = {
				ASSETCATALOG_COMPILER_APPICON_NAME = AppIcon;
				ASSETCATALOG_COMPILER_GLOBAL_ACCENT_COLOR_NAME = AccentColor;
				CODE_SIGN_ENTITLEMENTS = YabaiSpaceAddition/YabaiSpaceAddition.entitlements;
				CODE_SIGN_STYLE = Automatic;
				COMBINE_HIDPI_IMAGES = YES;
				CURRENT_PROJECT_VERSION = 1;
				DEVELOPMENT_ASSET_PATHS = "\"YabaiSpaceAddition/Preview Content\"";
				ENABLE_PREVIEWS = YES;
				GENERATE_INFOPLIST_FILE = YES;
				INFOPLIST_KEY_NSHumanReadableCopyright = "";
				LD_RUNPATH_SEARCH_PATHS = (
					"$(inherited)",
					"@executable_path/../Frameworks",
				);
				MARKETING_VERSION = 1.0;
				PRODUCT_BUNDLE_IDENTIFIER = site.frii.YabaiSpaceAddition;
				PRODUCT_NAME = "$(TARGET_NAME)";
				SWIFT_EMIT_LOC_STRINGS = YES;
				SWIFT_VERSION = 5.0;
			};
			name = Release;
		};
		8EBC3A8D2D944AA8004505FB /* Debug */ = {
			isa = XCBuildConfiguration;
			buildSettings = {
				ALWAYS_EMBED_SWIFT_STANDARD_LIBRARIES = YES;
				BUNDLE_LOADER = "$(TEST_HOST)";
				CODE_SIGN_STYLE = Automatic;
				CURRENT_PROJECT_VERSION = 1;
				GENERATE_INFOPLIST_FILE = YES;
				MACOSX_DEPLOYMENT_TARGET = 12.7;
				MARKETING_VERSION = 1.0;
				PRODUCT_BUNDLE_IDENTIFIER = site.frii.YabaiSpaceAdditionTests;
				PRODUCT_NAME = "$(TARGET_NAME)";
				SWIFT_EMIT_LOC_STRINGS = NO;
				SWIFT_VERSION = 5.0;
				TEST_HOST = "$(BUILT_PRODUCTS_DIR)/YabaiSpaceAddition.app/$(BUNDLE_EXECUTABLE_FOLDER_PATH)/YabaiSpaceAddition";
			};
			name = Debug;
		};
		8EBC3A8E2D944AA8004505FB /* Release */ = {
			isa = XCBuildConfiguration;
			buildSettings = {
				ALWAYS_EMBED_SWIFT_STANDARD_LIBRARIES = YES;
				BUNDLE_LOADER = "$(TEST_HOST)";
				CODE_SIGN_STYLE = Automatic;
				CURRENT_PROJECT_VERSION = 1;
				GENERATE_INFOPLIST_FILE = YES;
				MACOSX_DEPLOYMENT_TARGET = 12.7;
				MARKETING_VERSION = 1.0;
				PRODUCT_BUNDLE_IDENTIFIER = site.frii.YabaiSpaceAdditionTests;
				PRODUCT_NAME = "$(TARGET_NAME)";
				SWIFT_EMIT_LOC_STRINGS = NO;
				SWIFT_VERSION = 5.0;
				TEST_HOST = "$(BUILT_PRODUCTS_DIR)/YabaiSpaceAddition.app/$(BUNDLE_EXECUTABLE_FOLDER_PATH)/YabaiSpaceAddition";
			};
			name = Release;
		};
		8EBC3A902D944AA8004505FB /* Debug */ = {
			isa = XCBuildConfiguration;
			buildSettings = {
				ALWAYS_EMBED_SWIFT_STANDARD_LIBRARIES = YES;
				CODE_SIGN_STYLE = Automatic;
				CURRENT_PROJECT_VERSION = 1;
				GENERATE_INFOPLIST_FILE = YES;
				MARKETING_VERSION = 1.0;
				PRODUCT_BUNDLE_IDENTIFIER = site.frii.YabaiSpaceAdditionUITests;
				PRODUCT_NAME = "$(TARGET_NAME)";
				SWIFT_EMIT_LOC_STRINGS = NO;
				SWIFT_VERSION = 5.0;
				TEST_TARGET_NAME = YabaiSpaceAddition;
			};
			name = Debug;
		};
		8EBC3A912D944AA8004505FB /* Release */ = {
			isa = XCBuildConfiguration;
			buildSettings = {
				ALWAYS_EMBED_SWIFT_STANDARD_LIBRARIES = YES;
				CODE_SIGN_STYLE = Automatic;
				CURRENT_PROJECT_VERSION = 1;
				GENERATE_INFOPLIST_FILE = YES;
				MARKETING_VERSION = 1.0;
				PRODUCT_BUNDLE_IDENTIFIER = site.frii.YabaiSpaceAdditionUITests;
				PRODUCT_NAME = "$(TARGET_NAME)";
				SWIFT_EMIT_LOC_STRINGS = NO;
				SWIFT_VERSION = 5.0;
				TEST_TARGET_NAME = YabaiSpaceAddition;
			};
			name = Release;
		};
/* End XCBuildConfiguration section */

/* Begin XCConfigurationList section */
		8EBC3A5F2D944AA6004505FB /* Build configuration list for PBXProject "YabaiSpaceAddition" */ = {
			isa = XCConfigurationList;
			buildConfigurations = (
				8EBC3A872D944AA8004505FB /* Debug */,
				8EBC3A882D944AA8004505FB /* Release */,
			);
			defaultConfigurationIsVisible = 0;
			defaultConfigurationName = Release;
		};
		8EBC3A892D944AA8004505FB /* Build configuration list for PBXNativeTarget "YabaiSpaceAddition" */ = {
			isa = XCConfigurationList;
			buildConfigurations = (
				8EBC3A8A2D944AA8004505FB /* Debug */,
				8EBC3A8B2D944AA8004505FB /* Release */,
			);
			defaultConfigurationIsVisible = 0;
			defaultConfigurationName = Release;
		};
		8EBC3A8C2D944AA8004505FB /* Build configuration list for PBXNativeTarget "YabaiSpaceAdditionTests" */ = {
			isa = XCConfigurationList;
			buildConfigurations = (
				8EBC3A8D2D944AA8004505FB /* Debug */,
				8EBC3A8E2D944AA8004505FB /* Release */,
			);
			defaultConfigurationIsVisible = 0;
			defaultConfigurationName = Release;
		};
		8EBC3A8F2D944AA8004505FB /* Build configuration list for PBXNativeTarget "YabaiSpaceAdditionUITests" */ = {
			isa = XCConfigurationList;
			buildConfigurations = (
				8EBC3A902D944AA8004505FB /* Debug */,
				8EBC3A912D944AA8004505FB /* Release */,
			);
			defaultConfigurationIsVisible = 0;
			defaultConfigurationName = Release;
		};
/* End XCConfigurationList section */
	};
	rootObject = 8EBC3A5C2D944AA6004505FB /* Project object */;
}
